<?xml version="1.0" encoding="utf-8"?>
<Project ToolsVersion="4.0" xmlns="http://schemas.microsoft.com/developer/msbuild/2003">
  <ItemGroup>
    <ClCompile Include="..\source\CallsKB.cpp">
      <Filter>Source Files</Filter>
    </ClCompile>
    <ClCompile Include="..\source\DesignExtractor.cpp">
      <Filter>Source Files</Filter>
    </ClCompile>
    <ClCompile Include="..\source\FollowsEvaluator.cpp">
      <Filter>Source Files</Filter>
    </ClCompile>
    <ClCompile Include="..\source\FollowsKB.cpp">
      <Filter>Source Files</Filter>
    </ClCompile>
    <ClCompile Include="..\source\FollowsStarEvaluator.cpp">
      <Filter>Source Files</Filter>
    </ClCompile>
    <ClCompile Include="..\source\LoggingUtils.cpp">
      <Filter>Source Files</Filter>
    </ClCompile>
    <ClCompile Include="..\source\ModifiesEvaluator.cpp">
      <Filter>Source Files</Filter>
    </ClCompile>
    <ClCompile Include="..\source\ModifiesKB.cpp">
      <Filter>Source Files</Filter>
    </ClCompile>
    <ClCompile Include="..\source\ParentEvaluator.cpp">
      <Filter>Source Files</Filter>
    </ClCompile>
    <ClCompile Include="..\source\ParentKB.cpp">
      <Filter>Source Files</Filter>
    </ClCompile>
    <ClCompile Include="..\source\ParentStarEvaluator.cpp">
      <Filter>Source Files</Filter>
    </ClCompile>
    <ClCompile Include="..\source\Parser.cpp">
      <Filter>Source Files</Filter>
    </ClCompile>
    <ClCompile Include="..\source\PatternKB.cpp">
      <Filter>Source Files</Filter>
    </ClCompile>
    <ClCompile Include="..\source\PKB.cpp">
      <Filter>Source Files</Filter>
    </ClCompile>
    <ClCompile Include="..\source\PQL.cpp">
      <Filter>Source Files</Filter>
    </ClCompile>
    <ClCompile Include="..\source\ProcTable.cpp">
      <Filter>Source Files</Filter>
    </ClCompile>
    <ClCompile Include="..\source\QueryEvaluator.cpp">
      <Filter>Source Files</Filter>
    </ClCompile>
    <ClCompile Include="..\source\QueryParser.cpp">
      <Filter>Source Files</Filter>
    </ClCompile>
    <ClCompile Include="..\source\QueryProjector.cpp">
      <Filter>Source Files</Filter>
    </ClCompile>
    <ClCompile Include="..\source\QueryUtils.cpp">
      <Filter>Source Files</Filter>
    </ClCompile>
    <ClCompile Include="..\source\Simple.cpp">
      <Filter>Source Files</Filter>
    </ClCompile>
    <ClCompile Include="..\source\StmtListTable.cpp">
      <Filter>Source Files</Filter>
    </ClCompile>
    <ClCompile Include="..\source\StmtTable.cpp">
      <Filter>Source Files</Filter>
    </ClCompile>
    <ClCompile Include="..\source\UsesEvaluator.cpp">
      <Filter>Source Files</Filter>
    </ClCompile>
    <ClCompile Include="..\source\UsesKB.cpp">
      <Filter>Source Files</Filter>
    </ClCompile>
    <ClCompile Include="..\source\VarTable.cpp">
      <Filter>Source Files</Filter>
    </ClCompile>
    <ClCompile Include="..\source\AssignPatternEvaluator.cpp">
      <Filter>Source Files</Filter>
    </ClCompile>
    <ClCompile Include="..\source\TypeUtils.cpp">
      <Filter>Source Files</Filter>
    </ClCompile>
    <ClCompile Include="..\source\FrontEnd.cpp">
      <Filter>Source Files</Filter>
    </ClCompile>
    <ClCompile Include="..\source\ConstTable.cpp">
      <Filter>Source Files</Filter>
    </ClCompile>
    <ClCompile Include="..\source\CallsEvaluator.cpp">
      <Filter>Source Files</Filter>
    </ClCompile>
    <ClCompile Include="..\source\CallsStarEvaluator.cpp">
      <Filter>Source Files</Filter>
    </ClCompile>
    <ClCompile Include="..\source\IfPatternEvaluator.cpp">
      <Filter>Source Files</Filter>
    </ClCompile>
    <ClCompile Include="..\source\WhilePatternEvaluator.cpp">
      <Filter>Source Files</Filter>
    </ClCompile>
    <ClCompile Include="..\source\NextKB.cpp">
      <Filter>Source Files</Filter>
    </ClCompile>
    <ClCompile Include="..\source\RuntimeDesignExtractor.cpp">
      <Filter>Source Files</Filter>
    </ClCompile>
    <ClCompile Include="..\source\NextEvaluator.cpp">
      <Filter>Source Files</Filter>
    </ClCompile>
    <ClCompile Include="..\source\NextStarEvaluator.cpp">
      <Filter>Source Files</Filter>
    </ClCompile>
    <ClCompile Include="..\source\WithEvaluator.cpp">
      <Filter>Source Files</Filter>
    </ClCompile>
    <ClCompile Include="..\source\AffectsKB.cpp">
      <Filter>Source Files</Filter>
    </ClCompile>
    <ClCompile Include="..\source\AffectsEvaluator.cpp">
      <Filter>Source Files</Filter>
    </ClCompile>
    <ClCompile Include="..\source\AffectsStarEvaluator.cpp">
      <Filter>Source Files</Filter>
    </ClCompile>
    <ClCompile Include="..\source\PQLTypes.cpp">
      <Filter>Source Files</Filter>
    </ClCompile>
    <ClCompile Include="..\source\ContainsKB.cpp">
    <ClCompile Include="..\source\QueryOptimiser.cpp">
      <Filter>Source Files</Filter>
    </ClCompile>
    <ClCompile Include="..\source\ContainsEvaluator.cpp">
      <Filter>Source Files</Filter>
    </ClCompile>
    <ClCompile Include="..\source\QueryOptimiser.cpp">
      <Filter>Source Files</Filter>
    </ClCompile>
  </ItemGroup>
  <ItemGroup>
    <ClInclude Include="..\source\CallsKB.h">
      <Filter>Header Files</Filter>
    </ClInclude>
    <ClInclude Include="..\source\DesignExtractor.h">
      <Filter>Header Files</Filter>
    </ClInclude>
    <ClInclude Include="..\source\FollowsEvaluator.h">
      <Filter>Header Files</Filter>
    </ClInclude>
    <ClInclude Include="..\source\FollowsKB.h">
      <Filter>Header Files</Filter>
    </ClInclude>
    <ClInclude Include="..\source\FollowsStarEvaluator.h">
      <Filter>Header Files</Filter>
    </ClInclude>
    <ClInclude Include="..\source\LoggingUtils.h">
      <Filter>Header Files</Filter>
    </ClInclude>
    <ClInclude Include="..\source\ModifiesEvaluator.h">
      <Filter>Header Files</Filter>
    </ClInclude>
    <ClInclude Include="..\source\ModifiesKB.h">
      <Filter>Header Files</Filter>
    </ClInclude>
    <ClInclude Include="..\source\ParentEvaluator.h">
      <Filter>Header Files</Filter>
    </ClInclude>
    <ClInclude Include="..\source\ParentKB.h">
      <Filter>Header Files</Filter>
    </ClInclude>
    <ClInclude Include="..\source\ParentStarEvaluator.h">
      <Filter>Header Files</Filter>
    </ClInclude>
    <ClInclude Include="..\source\Parser.h">
      <Filter>Header Files</Filter>
    </ClInclude>
    <ClInclude Include="..\source\PatternKB.h">
      <Filter>Header Files</Filter>
    </ClInclude>
    <ClInclude Include="..\source\PKB.h">
      <Filter>Header Files</Filter>
    </ClInclude>
    <ClInclude Include="..\source\PQL.h">
      <Filter>Header Files</Filter>
    </ClInclude>
    <ClInclude Include="..\source\PQLTypes.h">
      <Filter>Header Files</Filter>
    </ClInclude>
    <ClInclude Include="..\source\ProcTable.h">
      <Filter>Header Files</Filter>
    </ClInclude>
    <ClInclude Include="..\source\QueryEvaluator.h">
      <Filter>Header Files</Filter>
    </ClInclude>
    <ClInclude Include="..\source\QueryProjector.h">
      <Filter>Header Files</Filter>
    </ClInclude>
    <ClInclude Include="..\source\QueryUtils.h">
      <Filter>Header Files</Filter>
    </ClInclude>
    <ClInclude Include="..\source\Simple.h">
      <Filter>Header Files</Filter>
    </ClInclude>
    <ClInclude Include="..\source\StmtListTable.h">
      <Filter>Header Files</Filter>
    </ClInclude>
    <ClInclude Include="..\source\StmtTable.h">
      <Filter>Header Files</Filter>
    </ClInclude>
    <ClInclude Include="..\source\TNode.h">
      <Filter>Header Files</Filter>
    </ClInclude>
    <ClInclude Include="..\source\Types.h">
      <Filter>Header Files</Filter>
    </ClInclude>
    <ClInclude Include="..\source\UsesEvaluator.h">
      <Filter>Header Files</Filter>
    </ClInclude>
    <ClInclude Include="..\source\UsesKB.h">
      <Filter>Header Files</Filter>
    </ClInclude>
    <ClInclude Include="..\source\VarTable.h">
      <Filter>Header Files</Filter>
    </ClInclude>
    <ClInclude Include="..\source\QueryParser.h">
      <Filter>Header Files</Filter>
    </ClInclude>
    <ClInclude Include="..\source\AssignPatternEvaluator.h">
      <Filter>Header Files</Filter>
    </ClInclude>
    <ClInclude Include="..\source\TypeUtils.h">
      <Filter>Header Files</Filter>
    </ClInclude>
    <ClInclude Include="..\source\Constants.h">
      <Filter>Header Files</Filter>
    </ClInclude>
    <ClInclude Include="..\source\FrontEnd.h">
      <Filter>Header Files</Filter>
    </ClInclude>
    <ClInclude Include="..\source\ConstTable.h">
      <Filter>Header Files</Filter>
    </ClInclude>
    <ClInclude Include="..\source\CallsStarEvaluator.h">
      <Filter>Header Files</Filter>
    </ClInclude>
    <ClInclude Include="..\source\CallsEvaluator.h">
      <Filter>Header Files</Filter>
    </ClInclude>
    <ClInclude Include="..\source\IfPatternEvaluator.h">
      <Filter>Header Files</Filter>
    </ClInclude>
    <ClInclude Include="..\source\WhilePatternEvaluator.h">
      <Filter>Header Files</Filter>
    </ClInclude>
    <ClInclude Include="..\source\NextKB.h">
      <Filter>Header Files</Filter>
    </ClInclude>
    <ClInclude Include="..\source\WithEvaluator.h">
      <Filter>Header Files</Filter>
    </ClInclude>
    <ClInclude Include="..\source\RuntimeDesignExtractor.h">
      <Filter>Header Files</Filter>
    </ClInclude>
    <ClInclude Include="..\source\NextEvaluator.h">
      <Filter>Header Files</Filter>
    </ClInclude>
    <ClInclude Include="..\source\NextStarEvaluator.h">
      <Filter>Header Files</Filter>
    </ClInclude>
    <ClInclude Include="..\source\AffectsKB.h">
      <Filter>Header Files</Filter>
    </ClInclude>
    <ClInclude Include="..\source\AffectsEvaluator.h">
      <Filter>Header Files</Filter>
    </ClInclude>
    <ClInclude Include="..\source\AffectsStarEvaluator.h">
      <Filter>Header Files</Filter>
    </ClInclude>
    <ClInclude Include="..\source\ContainsKB.h">
    <ClInclude Include="..\source\QueryOptimiser.h">
      <Filter>Header Files</Filter>
    </ClInclude>
    <ClInclude Include="..\source\ContainsEvaluator.h">
<<<<<<< HEAD
=======
      <Filter>Header Files</Filter>
    </ClInclude>
    <ClInclude Include="..\source\QueryOptimiser.h">
>>>>>>> 81e4190cc9f24f21f349cdca49fc41157f4030c6
      <Filter>Header Files</Filter>
    </ClInclude>
  </ItemGroup>
  <ItemGroup>
    <None Include="ClassDiagram.cd" />
  </ItemGroup>
  <ItemGroup>
    <Filter Include="Header Files">
      <UniqueIdentifier>{4ed918f5-216a-46e7-bc75-0ba1e7dba40f}</UniqueIdentifier>
    </Filter>
    <Filter Include="Source Files">
      <UniqueIdentifier>{ddf99b6d-b595-48ac-953e-97e8915d1418}</UniqueIdentifier>
    </Filter>
    <Filter Include="Resource Files">
      <UniqueIdentifier>{58bd767e-41d7-44ef-a519-4afdf31c0835}</UniqueIdentifier>
    </Filter>
  </ItemGroup>
</Project>
